
Microsoft Visual Studio Solution File, Format Version 12.00
# Visual Studio 15
VisualStudioVersion = 15.0.27130.2027
MinimumVisualStudioVersion = 10.0.40219.1
Project("{9A19103F-16F7-4668-BE54-9A1E7A4F7556}") = "DDD.API", "DDD.API\DDD.API.csproj", "{764683EB-7DF4-4F53-8E65-FA9F0C05CEEF}"
EndProject
Project("{9A19103F-16F7-4668-BE54-9A1E7A4F7556}") = "DDD.SessionizeWorker", "DDD.SessionizeWorker\DDD.SessionizeWorker.csproj", "{42DF3603-370D-419F-A6E3-A616F6FF611E}"
EndProject
Project("{9A19103F-16F7-4668-BE54-9A1E7A4F7556}") = "DDD.Core", "DDD.Core\DDD.Core.csproj", "{694C5BD7-98DF-489A-9812-32138F1AFF3F}"
EndProject
Project("{FAE04EC0-301F-11D3-BF4B-00C04F79EFBC}") = "DDD.Functions", "DDD.Functions\DDD.Functions.csproj", "{9210235A-A56F-4461-8550-A8F1D990A8E9}"
EndProject
Project("{FAE04EC0-301F-11D3-BF4B-00C04F79EFBC}") = "DDD.Sessionize", "DDD.Sessionize\DDD.Sessionize.csproj", "{14D97870-A1C6-4EB5-88E0-461FB597C8DC}"
EndProject
Global
	GlobalSection(SolutionConfigurationPlatforms) = preSolution
		Debug|Any CPU = Debug|Any CPU
		Release|Any CPU = Release|Any CPU
	EndGlobalSection
	GlobalSection(ProjectConfigurationPlatforms) = postSolution
		{764683EB-7DF4-4F53-8E65-FA9F0C05CEEF}.Debug|Any CPU.ActiveCfg = Debug|Any CPU
		{764683EB-7DF4-4F53-8E65-FA9F0C05CEEF}.Debug|Any CPU.Build.0 = Debug|Any CPU
		{764683EB-7DF4-4F53-8E65-FA9F0C05CEEF}.Release|Any CPU.ActiveCfg = Release|Any CPU
		{764683EB-7DF4-4F53-8E65-FA9F0C05CEEF}.Release|Any CPU.Build.0 = Release|Any CPU
		{42DF3603-370D-419F-A6E3-A616F6FF611E}.Debug|Any CPU.ActiveCfg = Debug|Any CPU
		{42DF3603-370D-419F-A6E3-A616F6FF611E}.Debug|Any CPU.Build.0 = Debug|Any CPU
		{42DF3603-370D-419F-A6E3-A616F6FF611E}.Release|Any CPU.ActiveCfg = Release|Any CPU
		{42DF3603-370D-419F-A6E3-A616F6FF611E}.Release|Any CPU.Build.0 = Release|Any CPU
		{694C5BD7-98DF-489A-9812-32138F1AFF3F}.Debug|Any CPU.ActiveCfg = Debug|Any CPU
		{694C5BD7-98DF-489A-9812-32138F1AFF3F}.Debug|Any CPU.Build.0 = Debug|Any CPU
		{694C5BD7-98DF-489A-9812-32138F1AFF3F}.Release|Any CPU.ActiveCfg = Release|Any CPU
		{694C5BD7-98DF-489A-9812-32138F1AFF3F}.Release|Any CPU.Build.0 = Release|Any CPU
		{9210235A-A56F-4461-8550-A8F1D990A8E9}.Debug|Any CPU.ActiveCfg = Debug|Any CPU
		{9210235A-A56F-4461-8550-A8F1D990A8E9}.Debug|Any CPU.Build.0 = Debug|Any CPU
		{9210235A-A56F-4461-8550-A8F1D990A8E9}.Release|Any CPU.ActiveCfg = Release|Any CPU
		{9210235A-A56F-4461-8550-A8F1D990A8E9}.Release|Any CPU.Build.0 = Release|Any CPU
		{14D97870-A1C6-4EB5-88E0-461FB597C8DC}.Debug|Any CPU.ActiveCfg = Debug|Any CPU
		{14D97870-A1C6-4EB5-88E0-461FB597C8DC}.Debug|Any CPU.Build.0 = Debug|Any CPU
		{14D97870-A1C6-4EB5-88E0-461FB597C8DC}.Release|Any CPU.ActiveCfg = Release|Any CPU
		{14D97870-A1C6-4EB5-88E0-461FB597C8DC}.Release|Any CPU.Build.0 = Release|Any CPU
	EndGlobalSection
	GlobalSection(SolutionProperties) = preSolution
		HideSolutionNode = FALSE
	EndGlobalSection
	GlobalSection(ExtensibilityGlobals) = postSolution
		SolutionGuid = {63229780-2D13-49B1-8AB9-7F8C65A2EF87}
	EndGlobalSection
EndGlobal
