
Microsoft Visual Studio Solution File, Format Version 12.00
# Visual Studio 15
VisualStudioVersion = 15.0.27130.2027
MinimumVisualStudioVersion = 10.0.40219.1
Project("{9A19103F-16F7-4668-BE54-9A1E7A4F7556}") = "DDD.Core", "DDD.Core\DDD.Core.csproj", "{694C5BD7-98DF-489A-9812-32138F1AFF3F}"
EndProject
Project("{9A19103F-16F7-4668-BE54-9A1E7A4F7556}") = "DDD.Functions", "DDD.Functions\DDD.Functions.csproj", "{9210235A-A56F-4461-8550-A8F1D990A8E9}"
EndProject
Project("{9A19103F-16F7-4668-BE54-9A1E7A4F7556}") = "DDD.Sessionize", "DDD.Sessionize\DDD.Sessionize.csproj", "{14D97870-A1C6-4EB5-88E0-461FB597C8DC}"
EndProject
Project("{9A19103F-16F7-4668-BE54-9A1E7A4F7556}") = "DDD.Sessionize.Tests", "DDD.Sessionize.Tests\DDD.Sessionize.Tests.csproj", "{F6535FE3-46CF-4048-89FA-8F341D9A5A64}"
EndProject
Project("{2150E333-8FDC-42A3-9474-1A3956D46DE8}") = "Solution Items", "Solution Items", "{9F7197DF-1FB5-43F3-A587-8659A8C566AC}"
	ProjectSection(SolutionItems) = preProject
		.vsts-ci.yml = .vsts-ci.yml
		README.md = README.md
	EndProjectSection
EndProject
Project("{FAE04EC0-301F-11D3-BF4B-00C04F79EFBC}") = "DDD.Functions.Extensions", "DDD.Functions.Extensions\DDD.Functions.Extensions.csproj", "{F47E6BF3-D07E-4E0C-8EC5-068743F9031A}"
EndProject
Global
	GlobalSection(SolutionConfigurationPlatforms) = preSolution
		Debug|Any CPU = Debug|Any CPU
		Release|Any CPU = Release|Any CPU
	EndGlobalSection
	GlobalSection(ProjectConfigurationPlatforms) = postSolution
		{694C5BD7-98DF-489A-9812-32138F1AFF3F}.Debug|Any CPU.ActiveCfg = Debug|Any CPU
		{694C5BD7-98DF-489A-9812-32138F1AFF3F}.Debug|Any CPU.Build.0 = Debug|Any CPU
		{694C5BD7-98DF-489A-9812-32138F1AFF3F}.Release|Any CPU.ActiveCfg = Release|Any CPU
		{694C5BD7-98DF-489A-9812-32138F1AFF3F}.Release|Any CPU.Build.0 = Release|Any CPU
		{9210235A-A56F-4461-8550-A8F1D990A8E9}.Debug|Any CPU.ActiveCfg = Debug|Any CPU
		{9210235A-A56F-4461-8550-A8F1D990A8E9}.Debug|Any CPU.Build.0 = Debug|Any CPU
		{9210235A-A56F-4461-8550-A8F1D990A8E9}.Release|Any CPU.ActiveCfg = Release|Any CPU
		{9210235A-A56F-4461-8550-A8F1D990A8E9}.Release|Any CPU.Build.0 = Release|Any CPU
		{14D97870-A1C6-4EB5-88E0-461FB597C8DC}.Debug|Any CPU.ActiveCfg = Debug|Any CPU
		{14D97870-A1C6-4EB5-88E0-461FB597C8DC}.Debug|Any CPU.Build.0 = Debug|Any CPU
		{14D97870-A1C6-4EB5-88E0-461FB597C8DC}.Release|Any CPU.ActiveCfg = Release|Any CPU
		{14D97870-A1C6-4EB5-88E0-461FB597C8DC}.Release|Any CPU.Build.0 = Release|Any CPU
		{F6535FE3-46CF-4048-89FA-8F341D9A5A64}.Debug|Any CPU.ActiveCfg = Debug|Any CPU
		{F6535FE3-46CF-4048-89FA-8F341D9A5A64}.Debug|Any CPU.Build.0 = Debug|Any CPU
		{F6535FE3-46CF-4048-89FA-8F341D9A5A64}.Release|Any CPU.ActiveCfg = Release|Any CPU
		{F6535FE3-46CF-4048-89FA-8F341D9A5A64}.Release|Any CPU.Build.0 = Release|Any CPU
		{F47E6BF3-D07E-4E0C-8EC5-068743F9031A}.Debug|Any CPU.ActiveCfg = Debug|Any CPU
		{F47E6BF3-D07E-4E0C-8EC5-068743F9031A}.Debug|Any CPU.Build.0 = Debug|Any CPU
		{F47E6BF3-D07E-4E0C-8EC5-068743F9031A}.Release|Any CPU.ActiveCfg = Release|Any CPU
		{F47E6BF3-D07E-4E0C-8EC5-068743F9031A}.Release|Any CPU.Build.0 = Release|Any CPU
	EndGlobalSection
	GlobalSection(SolutionProperties) = preSolution
		HideSolutionNode = FALSE
	EndGlobalSection
	GlobalSection(ExtensibilityGlobals) = postSolution
		SolutionGuid = {63229780-2D13-49B1-8AB9-7F8C65A2EF87}
	EndGlobalSection
EndGlobal
